
Microsoft Visual Studio Solution File, Format Version 12.00
# Visual Studio Version 17
VisualStudioVersion = 17.0.31903.59
MinimumVisualStudioVersion = 10.0.40219.1
Project("{FAE04EC0-301F-11D3-BF4B-00C04F79EFBC}") = "first", "first\first.csproj", "{307125E5-7B5C-431C-A41C-04408A6F405D}"
EndProject
Project("{FAE04EC0-301F-11D3-BF4B-00C04F79EFBC}") = "Day1", "Day1\Day1.csproj", "{FE4A04A7-0241-4946-9FCD-C1A81153D662}"
EndProject
Project("{2150E333-8FDC-42A3-9474-1A3956D46DE8}") = "Day2", "Day2", "{00ACB26E-8534-45C2-8F10-E018A8802721}"
EndProject
Project("{FAE04EC0-301F-11D3-BF4B-00C04F79EFBC}") = "TutorialClass", "Day2\TutorialClass\TutorialClass.csproj", "{1143C6AE-0D2A-419F-BC5B-2AFD91246B5E}"
EndProject
Project("{2150E333-8FDC-42A3-9474-1A3956D46DE8}") = "Day3", "Day3", "{BB787F7E-0CD2-42BA-82D7-1CCC59D18C95}"
EndProject
Project("{FAE04EC0-301F-11D3-BF4B-00C04F79EFBC}") = "FundamentalOOP", "Day3\FundamentalOOP\FundamentalOOP.csproj", "{923DD13F-6754-4678-9C97-E50884F528FE}"
EndProject
Project("{2150E333-8FDC-42A3-9474-1A3956D46DE8}") = "Day1", "Day1", "{795A618B-EAC2-4417-978C-CF802660EA0F}"
EndProject
Project("{2150E333-8FDC-42A3-9474-1A3956D46DE8}") = "Day4", "Day4", "{189D84FA-0233-4B8F-86D7-59F2B7F12F4D}"
EndProject
Project("{FAE04EC0-301F-11D3-BF4B-00C04F79EFBC}") = "PolymorphismTutorial", "Day4\PolymorphismTutorial\PolymorphismTutorial.csproj", "{548EE8BA-EA8A-428A-9598-42C51E820FA8}"
EndProject
Project("{FAE04EC0-301F-11D3-BF4B-00C04F79EFBC}") = "Shape", "Day4\Shape\Shape.csproj", "{82C24D71-69E1-444D-8563-0859C2377033}"
EndProject
Project("{2150E333-8FDC-42A3-9474-1A3956D46DE8}") = "Day5", "Day5", "{A51A5831-5096-451C-BA2C-1F2BB9AD3AC6}"
EndProject
Project("{FAE04EC0-301F-11D3-BF4B-00C04F79EFBC}") = "CatLeg", "Day5\CatLeg\CatLeg.csproj", "{3AE643DA-7627-4FAF-8957-A77E3225F730}"
EndProject
Project("{FAE04EC0-301F-11D3-BF4B-00C04F79EFBC}") = "LearnTuple", "LearnTuple\LearnTuple.csproj", "{01EC816E-F38C-4D6B-B8CD-E6F06ABF7636}"
EndProject
Project("{FAE04EC0-301F-11D3-BF4B-00C04F79EFBC}") = "ObjAsReturnValue", "Day5\ObjAsReturnValue\ObjAsReturnValue.csproj", "{BC59EB7E-00AB-48B5-AFFE-CC004F6F85F6}"
EndProject
Global
	GlobalSection(SolutionConfigurationPlatforms) = preSolution
		Debug|Any CPU = Debug|Any CPU
		Release|Any CPU = Release|Any CPU
	EndGlobalSection
	GlobalSection(SolutionProperties) = preSolution
		HideSolutionNode = FALSE
	EndGlobalSection
	GlobalSection(ProjectConfigurationPlatforms) = postSolution
		{307125E5-7B5C-431C-A41C-04408A6F405D}.Debug|Any CPU.ActiveCfg = Debug|Any CPU
		{307125E5-7B5C-431C-A41C-04408A6F405D}.Debug|Any CPU.Build.0 = Debug|Any CPU
		{307125E5-7B5C-431C-A41C-04408A6F405D}.Release|Any CPU.ActiveCfg = Release|Any CPU
		{307125E5-7B5C-431C-A41C-04408A6F405D}.Release|Any CPU.Build.0 = Release|Any CPU
		{FE4A04A7-0241-4946-9FCD-C1A81153D662}.Debug|Any CPU.ActiveCfg = Debug|Any CPU
		{FE4A04A7-0241-4946-9FCD-C1A81153D662}.Debug|Any CPU.Build.0 = Debug|Any CPU
		{FE4A04A7-0241-4946-9FCD-C1A81153D662}.Release|Any CPU.ActiveCfg = Release|Any CPU
		{FE4A04A7-0241-4946-9FCD-C1A81153D662}.Release|Any CPU.Build.0 = Release|Any CPU
		{1143C6AE-0D2A-419F-BC5B-2AFD91246B5E}.Debug|Any CPU.ActiveCfg = Debug|Any CPU
		{1143C6AE-0D2A-419F-BC5B-2AFD91246B5E}.Debug|Any CPU.Build.0 = Debug|Any CPU
		{1143C6AE-0D2A-419F-BC5B-2AFD91246B5E}.Release|Any CPU.ActiveCfg = Release|Any CPU
		{1143C6AE-0D2A-419F-BC5B-2AFD91246B5E}.Release|Any CPU.Build.0 = Release|Any CPU
		{923DD13F-6754-4678-9C97-E50884F528FE}.Debug|Any CPU.ActiveCfg = Debug|Any CPU
		{923DD13F-6754-4678-9C97-E50884F528FE}.Debug|Any CPU.Build.0 = Debug|Any CPU
		{923DD13F-6754-4678-9C97-E50884F528FE}.Release|Any CPU.ActiveCfg = Release|Any CPU
		{923DD13F-6754-4678-9C97-E50884F528FE}.Release|Any CPU.Build.0 = Release|Any CPU
		{548EE8BA-EA8A-428A-9598-42C51E820FA8}.Debug|Any CPU.ActiveCfg = Debug|Any CPU
		{548EE8BA-EA8A-428A-9598-42C51E820FA8}.Debug|Any CPU.Build.0 = Debug|Any CPU
		{548EE8BA-EA8A-428A-9598-42C51E820FA8}.Release|Any CPU.ActiveCfg = Release|Any CPU
		{548EE8BA-EA8A-428A-9598-42C51E820FA8}.Release|Any CPU.Build.0 = Release|Any CPU
		{82C24D71-69E1-444D-8563-0859C2377033}.Debug|Any CPU.ActiveCfg = Debug|Any CPU
		{82C24D71-69E1-444D-8563-0859C2377033}.Debug|Any CPU.Build.0 = Debug|Any CPU
		{82C24D71-69E1-444D-8563-0859C2377033}.Release|Any CPU.ActiveCfg = Release|Any CPU
		{82C24D71-69E1-444D-8563-0859C2377033}.Release|Any CPU.Build.0 = Release|Any CPU
		{3AE643DA-7627-4FAF-8957-A77E3225F730}.Debug|Any CPU.ActiveCfg = Debug|Any CPU
		{3AE643DA-7627-4FAF-8957-A77E3225F730}.Debug|Any CPU.Build.0 = Debug|Any CPU
		{3AE643DA-7627-4FAF-8957-A77E3225F730}.Release|Any CPU.ActiveCfg = Release|Any CPU
		{3AE643DA-7627-4FAF-8957-A77E3225F730}.Release|Any CPU.Build.0 = Release|Any CPU
		{01EC816E-F38C-4D6B-B8CD-E6F06ABF7636}.Debug|Any CPU.ActiveCfg = Debug|Any CPU
		{01EC816E-F38C-4D6B-B8CD-E6F06ABF7636}.Debug|Any CPU.Build.0 = Debug|Any CPU
		{01EC816E-F38C-4D6B-B8CD-E6F06ABF7636}.Release|Any CPU.ActiveCfg = Release|Any CPU
		{01EC816E-F38C-4D6B-B8CD-E6F06ABF7636}.Release|Any CPU.Build.0 = Release|Any CPU
		{BC59EB7E-00AB-48B5-AFFE-CC004F6F85F6}.Debug|Any CPU.ActiveCfg = Debug|Any CPU
		{BC59EB7E-00AB-48B5-AFFE-CC004F6F85F6}.Debug|Any CPU.Build.0 = Debug|Any CPU
		{BC59EB7E-00AB-48B5-AFFE-CC004F6F85F6}.Release|Any CPU.ActiveCfg = Release|Any CPU
		{BC59EB7E-00AB-48B5-AFFE-CC004F6F85F6}.Release|Any CPU.Build.0 = Release|Any CPU
	EndGlobalSection
	GlobalSection(NestedProjects) = preSolution
		{01EC816E-F38C-4D6B-B8CD-E6F06ABF7636} = {A51A5831-5096-451C-BA2C-1F2BB9AD3AC6}
		{307125E5-7B5C-431C-A41C-04408A6F405D} = {795A618B-EAC2-4417-978C-CF802660EA0F}
		{FE4A04A7-0241-4946-9FCD-C1A81153D662} = {795A618B-EAC2-4417-978C-CF802660EA0F}
		{1143C6AE-0D2A-419F-BC5B-2AFD91246B5E} = {00ACB26E-8534-45C2-8F10-E018A8802721}
		{923DD13F-6754-4678-9C97-E50884F528FE} = {BB787F7E-0CD2-42BA-82D7-1CCC59D18C95}
		{548EE8BA-EA8A-428A-9598-42C51E820FA8} = {189D84FA-0233-4B8F-86D7-59F2B7F12F4D}
		{82C24D71-69E1-444D-8563-0859C2377033} = {189D84FA-0233-4B8F-86D7-59F2B7F12F4D}
		{3AE643DA-7627-4FAF-8957-A77E3225F730} = {A51A5831-5096-451C-BA2C-1F2BB9AD3AC6}
		{BC59EB7E-00AB-48B5-AFFE-CC004F6F85F6} = {A51A5831-5096-451C-BA2C-1F2BB9AD3AC6}
	EndGlobalSection
EndGlobal
