
Microsoft Visual Studio Solution File, Format Version 12.00
# Visual Studio Version 17
VisualStudioVersion = 17.0.31903.59
MinimumVisualStudioVersion = 10.0.40219.1
Project("{FAE04EC0-301F-11D3-BF4B-00C04F79EFBC}") = "first", "first\first.csproj", "{307125E5-7B5C-431C-A41C-04408A6F405D}"
EndProject
Project("{FAE04EC0-301F-11D3-BF4B-00C04F79EFBC}") = "Day1", "Day1\Day1.csproj", "{FE4A04A7-0241-4946-9FCD-C1A81153D662}"
EndProject
Project("{2150E333-8FDC-42A3-9474-1A3956D46DE8}") = "Day2", "Day2", "{00ACB26E-8534-45C2-8F10-E018A8802721}"
EndProject
Project("{FAE04EC0-301F-11D3-BF4B-00C04F79EFBC}") = "TutorialClass", "Day2\TutorialClass\TutorialClass.csproj", "{1143C6AE-0D2A-419F-BC5B-2AFD91246B5E}"
EndProject
Project("{2150E333-8FDC-42A3-9474-1A3956D46DE8}") = "Day3", "Day3", "{BB787F7E-0CD2-42BA-82D7-1CCC59D18C95}"
EndProject
Project("{FAE04EC0-301F-11D3-BF4B-00C04F79EFBC}") = "FundamentalOOP", "Day3\FundamentalOOP\FundamentalOOP.csproj", "{923DD13F-6754-4678-9C97-E50884F528FE}"
EndProject
Project("{2150E333-8FDC-42A3-9474-1A3956D46DE8}") = "Day1", "Day1", "{795A618B-EAC2-4417-978C-CF802660EA0F}"
EndProject
Project("{2150E333-8FDC-42A3-9474-1A3956D46DE8}") = "Day4", "Day4", "{189D84FA-0233-4B8F-86D7-59F2B7F12F4D}"
EndProject
Project("{FAE04EC0-301F-11D3-BF4B-00C04F79EFBC}") = "PolymorphismTutorial", "Day4\PolymorphismTutorial\PolymorphismTutorial.csproj", "{548EE8BA-EA8A-428A-9598-42C51E820FA8}"
EndProject
Project("{FAE04EC0-301F-11D3-BF4B-00C04F79EFBC}") = "Shape", "Day4\Shape\Shape.csproj", "{82C24D71-69E1-444D-8563-0859C2377033}"
EndProject
Project("{2150E333-8FDC-42A3-9474-1A3956D46DE8}") = "Day5", "Day5", "{A51A5831-5096-451C-BA2C-1F2BB9AD3AC6}"
EndProject
Project("{FAE04EC0-301F-11D3-BF4B-00C04F79EFBC}") = "CatLeg", "Day5\CatLeg\CatLeg.csproj", "{3AE643DA-7627-4FAF-8957-A77E3225F730}"
EndProject
Project("{FAE04EC0-301F-11D3-BF4B-00C04F79EFBC}") = "LearnTuple", "LearnTuple\LearnTuple.csproj", "{01EC816E-F38C-4D6B-B8CD-E6F06ABF7636}"
EndProject
Project("{FAE04EC0-301F-11D3-BF4B-00C04F79EFBC}") = "ObjAsReturnValue", "Day5\ObjAsReturnValue\ObjAsReturnValue.csproj", "{BC59EB7E-00AB-48B5-AFFE-CC004F6F85F6}"
EndProject
Project("{2150E333-8FDC-42A3-9474-1A3956D46DE8}") = "SelfTry", "SelfTry", "{D679E17F-59E5-4405-80D0-99D7E00E9763}"
EndProject
Project("{FAE04EC0-301F-11D3-BF4B-00C04F79EFBC}") = "BoxUnbox", "SelfTry\BoxUnbox\BoxUnbox.csproj", "{6E722333-C2BB-436E-92C1-6863F06457B5}"
EndProject
Project("{FAE04EC0-301F-11D3-BF4B-00C04F79EFBC}") = "Enum", "SelfTry\Enum\Enum.csproj", "{9EEC26C4-9701-4D9E-81B6-5BFBF4A3C9A3}"
EndProject
Project("{2150E333-8FDC-42A3-9474-1A3956D46DE8}") = "Day6", "Day6", "{80D37166-00D3-4E7F-B126-B79BA2711542}"
EndProject
Project("{FAE04EC0-301F-11D3-BF4B-00C04F79EFBC}") = "StructVsClass", "Day6\StructVsClass\StructVsClass.csproj", "{18C15583-F69A-49C2-8D67-EBF2DF500A7C}"
EndProject
Project("{FAE04EC0-301F-11D3-BF4B-00C04F79EFBC}") = "RefInOut", "Day6\RefInOut\RefInOut.csproj", "{71E27D1D-5A8E-465B-8387-3843AE641F15}"
EndProject
Project("{2150E333-8FDC-42A3-9474-1A3956D46DE8}") = "Day7", "Day7", "{8846E73C-64F3-4113-A677-1521F371008A}"
EndProject
Project("{FAE04EC0-301F-11D3-BF4B-00C04F79EFBC}") = "Delegates", "Day7\Delegates\Delegates.csproj", "{D6858716-E1ED-4556-87DF-CB351B989802}"
EndProject
Project("{FAE04EC0-301F-11D3-BF4B-00C04F79EFBC}") = "DelegatesPlayer", "Day7\DelegatesPlayer\DelegatesPlayer.csproj", "{1A7A1007-35B8-4B41-9C62-56661C60FD34}"
EndProject
Project("{FAE04EC0-301F-11D3-BF4B-00C04F79EFBC}") = "DelegateEvent", "Day7\DelegateEvent\DelegateEvent.csproj", "{80CB63F4-3469-431C-B9A2-8C818EA50B20}"
EndProject
Project("{FAE04EC0-301F-11D3-BF4B-00C04F79EFBC}") = "DelegateCallback", "SelfTry\DelegateCallback\DelegateCallback.csproj", "{7B6A7192-6C7B-4BE1-9C6D-6BBE54B7C71D}"
EndProject
Project("{FAE04EC0-301F-11D3-BF4B-00C04F79EFBC}") = "DelegatesGeneric", "Day7\DelegatesGeneric\DelegatesGeneric.csproj", "{328D07F3-4B9B-48D4-B05F-F603A04860A2}"
EndProject
Project("{2150E333-8FDC-42A3-9474-1A3956D46DE8}") = "Day8", "Day8", "{97E1CAB6-71E7-4260-95FF-CEA0EF45A428}"
EndProject
Project("{FAE04EC0-301F-11D3-BF4B-00C04F79EFBC}") = "TryCatch", "Day8\TryCatch\TryCatch.csproj", "{BAE3732A-E234-45D2-925D-2331A7BC6391}"
EndProject
Project("{FAE04EC0-301F-11D3-BF4B-00C04F79EFBC}") = "OperatorOverload", "Day8\OperatorOverload\OperatorOverload.csproj", "{C825B7D8-3F0C-4BAF-BD36-CB5602CDCF8F}"
EndProject
Project("{FAE04EC0-301F-11D3-BF4B-00C04F79EFBC}") = "Enumerator", "Day8\Enumerator\Enumerator.csproj", "{02575B0C-2E86-4A23-8C59-720A1DD27D94}"
EndProject
Project("{2150E333-8FDC-42A3-9474-1A3956D46DE8}") = "Day9", "Day9", "{168E89D2-6D73-4089-8317-6F46554903F9}"
EndProject
Project("{FAE04EC0-301F-11D3-BF4B-00C04F79EFBC}") = "TextNumberHandling", "Day9\TextNumberHandling\TextNumberHandling.csproj", "{36C73D7B-9EA2-4554-A706-E6E9BF96ACC7}"
EndProject
Project("{2150E333-8FDC-42A3-9474-1A3956D46DE8}") = "Day10", "Day10", "{00AD7564-CD3A-49B9-AAE0-9BAA54C81823}"
EndProject
Project("{FAE04EC0-301F-11D3-BF4B-00C04F79EFBC}") = "Collections", "Day10\Collections\Collections.csproj", "{466DF724-B53F-43A8-A4A1-820836CB9020}"
EndProject
Project("{2150E333-8FDC-42A3-9474-1A3956D46DE8}") = "Day15", "Day15", "{23CAA0E2-A672-47F9-9B9E-2828822532DB}"
EndProject
Project("{FAE04EC0-301F-11D3-BF4B-00C04F79EFBC}") = "Disposable", "Day15\Disposable\Disposable.csproj", "{DA7D26B0-8EA1-46FC-80E5-8C3EC56C88EE}"
EndProject
Project("{FAE04EC0-301F-11D3-BF4B-00C04F79EFBC}") = "Destructor", "Day15\Destructor\Destructor.csproj", "{7A5BD1B4-A801-4941-929E-0E349A9A2058}"
EndProject
Project("{2150E333-8FDC-42A3-9474-1A3956D46DE8}") = "Day16", "Day16", "{6781BCBD-4DD5-4CE9-9E2D-441741482CB4}"
EndProject
Project("{FAE04EC0-301F-11D3-BF4B-00C04F79EFBC}") = "Debugging", "Day16\Debugging\Debugging.csproj", "{FC144AB7-FC10-4CE1-8405-83C247A371F7}"
EndProject
Project("{FAE04EC0-301F-11D3-BF4B-00C04F79EFBC}") = "CompilationConditional", "Day16\CompilationConditional\CompilationConditional.csproj", "{A75639F2-7155-4108-80CB-F3E6E5686AA2}"
EndProject
Project("{FAE04EC0-301F-11D3-BF4B-00C04F79EFBC}") = "DebugAndTrace", "Day16\DebugAndTrace\DebugAndTrace.csproj", "{75384D13-9CFE-43C3-BE03-DE341AF8272E}"
EndProject
Project("{2150E333-8FDC-42A3-9474-1A3956D46DE8}") = "Day17", "Day17", "{CED651A5-C4F7-41FA-87AE-EEB08C7B3A1C}"
EndProject
Project("{FAE04EC0-301F-11D3-BF4B-00C04F79EFBC}") = "Threading", "Day17\Threading\Threading.csproj", "{E082C029-52B3-4885-8EB4-28A125BDFD8D}"
EndProject
Project("{FAE04EC0-301F-11D3-BF4B-00C04F79EFBC}") = "ThreadJoin", "Day17\ThreadJoin\ThreadJoin.csproj", "{3A48F1A3-68CB-4A8C-9023-63845578A275}"
EndProject
Project("{FAE04EC0-301F-11D3-BF4B-00C04F79EFBC}") = "Deadlocking", "Day17\Deadlocking\Deadlocking.csproj", "{A1007521-6506-413F-8D0D-AE951FEBB623}"
EndProject
Global
	GlobalSection(SolutionConfigurationPlatforms) = preSolution
		Debug|Any CPU = Debug|Any CPU
		Release|Any CPU = Release|Any CPU
	EndGlobalSection
	GlobalSection(SolutionProperties) = preSolution
		HideSolutionNode = FALSE
	EndGlobalSection
	GlobalSection(ProjectConfigurationPlatforms) = postSolution
		{307125E5-7B5C-431C-A41C-04408A6F405D}.Debug|Any CPU.ActiveCfg = Debug|Any CPU
		{307125E5-7B5C-431C-A41C-04408A6F405D}.Debug|Any CPU.Build.0 = Debug|Any CPU
		{307125E5-7B5C-431C-A41C-04408A6F405D}.Release|Any CPU.ActiveCfg = Release|Any CPU
		{307125E5-7B5C-431C-A41C-04408A6F405D}.Release|Any CPU.Build.0 = Release|Any CPU
		{FE4A04A7-0241-4946-9FCD-C1A81153D662}.Debug|Any CPU.ActiveCfg = Debug|Any CPU
		{FE4A04A7-0241-4946-9FCD-C1A81153D662}.Debug|Any CPU.Build.0 = Debug|Any CPU
		{FE4A04A7-0241-4946-9FCD-C1A81153D662}.Release|Any CPU.ActiveCfg = Release|Any CPU
		{FE4A04A7-0241-4946-9FCD-C1A81153D662}.Release|Any CPU.Build.0 = Release|Any CPU
		{1143C6AE-0D2A-419F-BC5B-2AFD91246B5E}.Debug|Any CPU.ActiveCfg = Debug|Any CPU
		{1143C6AE-0D2A-419F-BC5B-2AFD91246B5E}.Debug|Any CPU.Build.0 = Debug|Any CPU
		{1143C6AE-0D2A-419F-BC5B-2AFD91246B5E}.Release|Any CPU.ActiveCfg = Release|Any CPU
		{1143C6AE-0D2A-419F-BC5B-2AFD91246B5E}.Release|Any CPU.Build.0 = Release|Any CPU
		{923DD13F-6754-4678-9C97-E50884F528FE}.Debug|Any CPU.ActiveCfg = Debug|Any CPU
		{923DD13F-6754-4678-9C97-E50884F528FE}.Debug|Any CPU.Build.0 = Debug|Any CPU
		{923DD13F-6754-4678-9C97-E50884F528FE}.Release|Any CPU.ActiveCfg = Release|Any CPU
		{923DD13F-6754-4678-9C97-E50884F528FE}.Release|Any CPU.Build.0 = Release|Any CPU
		{548EE8BA-EA8A-428A-9598-42C51E820FA8}.Debug|Any CPU.ActiveCfg = Debug|Any CPU
		{548EE8BA-EA8A-428A-9598-42C51E820FA8}.Debug|Any CPU.Build.0 = Debug|Any CPU
		{548EE8BA-EA8A-428A-9598-42C51E820FA8}.Release|Any CPU.ActiveCfg = Release|Any CPU
		{548EE8BA-EA8A-428A-9598-42C51E820FA8}.Release|Any CPU.Build.0 = Release|Any CPU
		{82C24D71-69E1-444D-8563-0859C2377033}.Debug|Any CPU.ActiveCfg = Debug|Any CPU
		{82C24D71-69E1-444D-8563-0859C2377033}.Debug|Any CPU.Build.0 = Debug|Any CPU
		{82C24D71-69E1-444D-8563-0859C2377033}.Release|Any CPU.ActiveCfg = Release|Any CPU
		{82C24D71-69E1-444D-8563-0859C2377033}.Release|Any CPU.Build.0 = Release|Any CPU
		{3AE643DA-7627-4FAF-8957-A77E3225F730}.Debug|Any CPU.ActiveCfg = Debug|Any CPU
		{3AE643DA-7627-4FAF-8957-A77E3225F730}.Debug|Any CPU.Build.0 = Debug|Any CPU
		{3AE643DA-7627-4FAF-8957-A77E3225F730}.Release|Any CPU.ActiveCfg = Release|Any CPU
		{3AE643DA-7627-4FAF-8957-A77E3225F730}.Release|Any CPU.Build.0 = Release|Any CPU
		{01EC816E-F38C-4D6B-B8CD-E6F06ABF7636}.Debug|Any CPU.ActiveCfg = Debug|Any CPU
		{01EC816E-F38C-4D6B-B8CD-E6F06ABF7636}.Debug|Any CPU.Build.0 = Debug|Any CPU
		{01EC816E-F38C-4D6B-B8CD-E6F06ABF7636}.Release|Any CPU.ActiveCfg = Release|Any CPU
		{01EC816E-F38C-4D6B-B8CD-E6F06ABF7636}.Release|Any CPU.Build.0 = Release|Any CPU
		{BC59EB7E-00AB-48B5-AFFE-CC004F6F85F6}.Debug|Any CPU.ActiveCfg = Debug|Any CPU
		{BC59EB7E-00AB-48B5-AFFE-CC004F6F85F6}.Debug|Any CPU.Build.0 = Debug|Any CPU
		{BC59EB7E-00AB-48B5-AFFE-CC004F6F85F6}.Release|Any CPU.ActiveCfg = Release|Any CPU
		{BC59EB7E-00AB-48B5-AFFE-CC004F6F85F6}.Release|Any CPU.Build.0 = Release|Any CPU
		{6E722333-C2BB-436E-92C1-6863F06457B5}.Debug|Any CPU.ActiveCfg = Debug|Any CPU
		{6E722333-C2BB-436E-92C1-6863F06457B5}.Debug|Any CPU.Build.0 = Debug|Any CPU
		{6E722333-C2BB-436E-92C1-6863F06457B5}.Release|Any CPU.ActiveCfg = Release|Any CPU
		{6E722333-C2BB-436E-92C1-6863F06457B5}.Release|Any CPU.Build.0 = Release|Any CPU
		{9EEC26C4-9701-4D9E-81B6-5BFBF4A3C9A3}.Debug|Any CPU.ActiveCfg = Debug|Any CPU
		{9EEC26C4-9701-4D9E-81B6-5BFBF4A3C9A3}.Debug|Any CPU.Build.0 = Debug|Any CPU
		{9EEC26C4-9701-4D9E-81B6-5BFBF4A3C9A3}.Release|Any CPU.ActiveCfg = Release|Any CPU
		{9EEC26C4-9701-4D9E-81B6-5BFBF4A3C9A3}.Release|Any CPU.Build.0 = Release|Any CPU
		{18C15583-F69A-49C2-8D67-EBF2DF500A7C}.Debug|Any CPU.ActiveCfg = Debug|Any CPU
		{18C15583-F69A-49C2-8D67-EBF2DF500A7C}.Debug|Any CPU.Build.0 = Debug|Any CPU
		{18C15583-F69A-49C2-8D67-EBF2DF500A7C}.Release|Any CPU.ActiveCfg = Release|Any CPU
		{18C15583-F69A-49C2-8D67-EBF2DF500A7C}.Release|Any CPU.Build.0 = Release|Any CPU
		{71E27D1D-5A8E-465B-8387-3843AE641F15}.Debug|Any CPU.ActiveCfg = Debug|Any CPU
		{71E27D1D-5A8E-465B-8387-3843AE641F15}.Debug|Any CPU.Build.0 = Debug|Any CPU
		{71E27D1D-5A8E-465B-8387-3843AE641F15}.Release|Any CPU.ActiveCfg = Release|Any CPU
		{71E27D1D-5A8E-465B-8387-3843AE641F15}.Release|Any CPU.Build.0 = Release|Any CPU
		{D6858716-E1ED-4556-87DF-CB351B989802}.Debug|Any CPU.ActiveCfg = Debug|Any CPU
		{D6858716-E1ED-4556-87DF-CB351B989802}.Debug|Any CPU.Build.0 = Debug|Any CPU
		{D6858716-E1ED-4556-87DF-CB351B989802}.Release|Any CPU.ActiveCfg = Release|Any CPU
		{D6858716-E1ED-4556-87DF-CB351B989802}.Release|Any CPU.Build.0 = Release|Any CPU
		{1A7A1007-35B8-4B41-9C62-56661C60FD34}.Debug|Any CPU.ActiveCfg = Debug|Any CPU
		{1A7A1007-35B8-4B41-9C62-56661C60FD34}.Debug|Any CPU.Build.0 = Debug|Any CPU
		{1A7A1007-35B8-4B41-9C62-56661C60FD34}.Release|Any CPU.ActiveCfg = Release|Any CPU
		{1A7A1007-35B8-4B41-9C62-56661C60FD34}.Release|Any CPU.Build.0 = Release|Any CPU
		{80CB63F4-3469-431C-B9A2-8C818EA50B20}.Debug|Any CPU.ActiveCfg = Debug|Any CPU
		{80CB63F4-3469-431C-B9A2-8C818EA50B20}.Debug|Any CPU.Build.0 = Debug|Any CPU
		{80CB63F4-3469-431C-B9A2-8C818EA50B20}.Release|Any CPU.ActiveCfg = Release|Any CPU
		{80CB63F4-3469-431C-B9A2-8C818EA50B20}.Release|Any CPU.Build.0 = Release|Any CPU
		{7B6A7192-6C7B-4BE1-9C6D-6BBE54B7C71D}.Debug|Any CPU.ActiveCfg = Debug|Any CPU
		{7B6A7192-6C7B-4BE1-9C6D-6BBE54B7C71D}.Debug|Any CPU.Build.0 = Debug|Any CPU
		{7B6A7192-6C7B-4BE1-9C6D-6BBE54B7C71D}.Release|Any CPU.ActiveCfg = Release|Any CPU
		{7B6A7192-6C7B-4BE1-9C6D-6BBE54B7C71D}.Release|Any CPU.Build.0 = Release|Any CPU
		{328D07F3-4B9B-48D4-B05F-F603A04860A2}.Debug|Any CPU.ActiveCfg = Debug|Any CPU
		{328D07F3-4B9B-48D4-B05F-F603A04860A2}.Debug|Any CPU.Build.0 = Debug|Any CPU
		{328D07F3-4B9B-48D4-B05F-F603A04860A2}.Release|Any CPU.ActiveCfg = Release|Any CPU
		{328D07F3-4B9B-48D4-B05F-F603A04860A2}.Release|Any CPU.Build.0 = Release|Any CPU
		{BAE3732A-E234-45D2-925D-2331A7BC6391}.Debug|Any CPU.ActiveCfg = Debug|Any CPU
		{BAE3732A-E234-45D2-925D-2331A7BC6391}.Debug|Any CPU.Build.0 = Debug|Any CPU
		{BAE3732A-E234-45D2-925D-2331A7BC6391}.Release|Any CPU.ActiveCfg = Release|Any CPU
		{BAE3732A-E234-45D2-925D-2331A7BC6391}.Release|Any CPU.Build.0 = Release|Any CPU
		{C825B7D8-3F0C-4BAF-BD36-CB5602CDCF8F}.Debug|Any CPU.ActiveCfg = Debug|Any CPU
		{C825B7D8-3F0C-4BAF-BD36-CB5602CDCF8F}.Debug|Any CPU.Build.0 = Debug|Any CPU
		{C825B7D8-3F0C-4BAF-BD36-CB5602CDCF8F}.Release|Any CPU.ActiveCfg = Release|Any CPU
		{C825B7D8-3F0C-4BAF-BD36-CB5602CDCF8F}.Release|Any CPU.Build.0 = Release|Any CPU
		{02575B0C-2E86-4A23-8C59-720A1DD27D94}.Debug|Any CPU.ActiveCfg = Debug|Any CPU
		{02575B0C-2E86-4A23-8C59-720A1DD27D94}.Debug|Any CPU.Build.0 = Debug|Any CPU
		{02575B0C-2E86-4A23-8C59-720A1DD27D94}.Release|Any CPU.ActiveCfg = Release|Any CPU
		{02575B0C-2E86-4A23-8C59-720A1DD27D94}.Release|Any CPU.Build.0 = Release|Any CPU
		{36C73D7B-9EA2-4554-A706-E6E9BF96ACC7}.Debug|Any CPU.ActiveCfg = Debug|Any CPU
		{36C73D7B-9EA2-4554-A706-E6E9BF96ACC7}.Debug|Any CPU.Build.0 = Debug|Any CPU
		{36C73D7B-9EA2-4554-A706-E6E9BF96ACC7}.Release|Any CPU.ActiveCfg = Release|Any CPU
		{36C73D7B-9EA2-4554-A706-E6E9BF96ACC7}.Release|Any CPU.Build.0 = Release|Any CPU
		{466DF724-B53F-43A8-A4A1-820836CB9020}.Debug|Any CPU.ActiveCfg = Debug|Any CPU
		{466DF724-B53F-43A8-A4A1-820836CB9020}.Debug|Any CPU.Build.0 = Debug|Any CPU
		{466DF724-B53F-43A8-A4A1-820836CB9020}.Release|Any CPU.ActiveCfg = Release|Any CPU
		{466DF724-B53F-43A8-A4A1-820836CB9020}.Release|Any CPU.Build.0 = Release|Any CPU
		{DA7D26B0-8EA1-46FC-80E5-8C3EC56C88EE}.Debug|Any CPU.ActiveCfg = Debug|Any CPU
		{DA7D26B0-8EA1-46FC-80E5-8C3EC56C88EE}.Debug|Any CPU.Build.0 = Debug|Any CPU
		{DA7D26B0-8EA1-46FC-80E5-8C3EC56C88EE}.Release|Any CPU.ActiveCfg = Release|Any CPU
		{DA7D26B0-8EA1-46FC-80E5-8C3EC56C88EE}.Release|Any CPU.Build.0 = Release|Any CPU
		{7A5BD1B4-A801-4941-929E-0E349A9A2058}.Debug|Any CPU.ActiveCfg = Debug|Any CPU
		{7A5BD1B4-A801-4941-929E-0E349A9A2058}.Debug|Any CPU.Build.0 = Debug|Any CPU
		{7A5BD1B4-A801-4941-929E-0E349A9A2058}.Release|Any CPU.ActiveCfg = Release|Any CPU
		{7A5BD1B4-A801-4941-929E-0E349A9A2058}.Release|Any CPU.Build.0 = Release|Any CPU
		{FC144AB7-FC10-4CE1-8405-83C247A371F7}.Debug|Any CPU.ActiveCfg = Debug|Any CPU
		{FC144AB7-FC10-4CE1-8405-83C247A371F7}.Debug|Any CPU.Build.0 = Debug|Any CPU
		{FC144AB7-FC10-4CE1-8405-83C247A371F7}.Release|Any CPU.ActiveCfg = Release|Any CPU
		{FC144AB7-FC10-4CE1-8405-83C247A371F7}.Release|Any CPU.Build.0 = Release|Any CPU
		{A75639F2-7155-4108-80CB-F3E6E5686AA2}.Debug|Any CPU.ActiveCfg = Debug|Any CPU
		{A75639F2-7155-4108-80CB-F3E6E5686AA2}.Debug|Any CPU.Build.0 = Debug|Any CPU
		{A75639F2-7155-4108-80CB-F3E6E5686AA2}.Release|Any CPU.ActiveCfg = Release|Any CPU
		{A75639F2-7155-4108-80CB-F3E6E5686AA2}.Release|Any CPU.Build.0 = Release|Any CPU
		{75384D13-9CFE-43C3-BE03-DE341AF8272E}.Debug|Any CPU.ActiveCfg = Debug|Any CPU
		{75384D13-9CFE-43C3-BE03-DE341AF8272E}.Debug|Any CPU.Build.0 = Debug|Any CPU
		{75384D13-9CFE-43C3-BE03-DE341AF8272E}.Release|Any CPU.ActiveCfg = Release|Any CPU
		{75384D13-9CFE-43C3-BE03-DE341AF8272E}.Release|Any CPU.Build.0 = Release|Any CPU
		{E082C029-52B3-4885-8EB4-28A125BDFD8D}.Debug|Any CPU.ActiveCfg = Debug|Any CPU
		{E082C029-52B3-4885-8EB4-28A125BDFD8D}.Debug|Any CPU.Build.0 = Debug|Any CPU
		{E082C029-52B3-4885-8EB4-28A125BDFD8D}.Release|Any CPU.ActiveCfg = Release|Any CPU
		{E082C029-52B3-4885-8EB4-28A125BDFD8D}.Release|Any CPU.Build.0 = Release|Any CPU
		{3A48F1A3-68CB-4A8C-9023-63845578A275}.Debug|Any CPU.ActiveCfg = Debug|Any CPU
		{3A48F1A3-68CB-4A8C-9023-63845578A275}.Debug|Any CPU.Build.0 = Debug|Any CPU
		{3A48F1A3-68CB-4A8C-9023-63845578A275}.Release|Any CPU.ActiveCfg = Release|Any CPU
		{3A48F1A3-68CB-4A8C-9023-63845578A275}.Release|Any CPU.Build.0 = Release|Any CPU
		{A1007521-6506-413F-8D0D-AE951FEBB623}.Debug|Any CPU.ActiveCfg = Debug|Any CPU
		{A1007521-6506-413F-8D0D-AE951FEBB623}.Debug|Any CPU.Build.0 = Debug|Any CPU
		{A1007521-6506-413F-8D0D-AE951FEBB623}.Release|Any CPU.ActiveCfg = Release|Any CPU
		{A1007521-6506-413F-8D0D-AE951FEBB623}.Release|Any CPU.Build.0 = Release|Any CPU
	EndGlobalSection
	GlobalSection(NestedProjects) = preSolution
		{01EC816E-F38C-4D6B-B8CD-E6F06ABF7636} = {A51A5831-5096-451C-BA2C-1F2BB9AD3AC6}
		{307125E5-7B5C-431C-A41C-04408A6F405D} = {795A618B-EAC2-4417-978C-CF802660EA0F}
		{FE4A04A7-0241-4946-9FCD-C1A81153D662} = {795A618B-EAC2-4417-978C-CF802660EA0F}
		{1143C6AE-0D2A-419F-BC5B-2AFD91246B5E} = {00ACB26E-8534-45C2-8F10-E018A8802721}
		{923DD13F-6754-4678-9C97-E50884F528FE} = {BB787F7E-0CD2-42BA-82D7-1CCC59D18C95}
		{548EE8BA-EA8A-428A-9598-42C51E820FA8} = {189D84FA-0233-4B8F-86D7-59F2B7F12F4D}
		{82C24D71-69E1-444D-8563-0859C2377033} = {189D84FA-0233-4B8F-86D7-59F2B7F12F4D}
		{3AE643DA-7627-4FAF-8957-A77E3225F730} = {A51A5831-5096-451C-BA2C-1F2BB9AD3AC6}
		{BC59EB7E-00AB-48B5-AFFE-CC004F6F85F6} = {A51A5831-5096-451C-BA2C-1F2BB9AD3AC6}
		{6E722333-C2BB-436E-92C1-6863F06457B5} = {D679E17F-59E5-4405-80D0-99D7E00E9763}
		{9EEC26C4-9701-4D9E-81B6-5BFBF4A3C9A3} = {D679E17F-59E5-4405-80D0-99D7E00E9763}
		{18C15583-F69A-49C2-8D67-EBF2DF500A7C} = {80D37166-00D3-4E7F-B126-B79BA2711542}
		{71E27D1D-5A8E-465B-8387-3843AE641F15} = {80D37166-00D3-4E7F-B126-B79BA2711542}
		{D6858716-E1ED-4556-87DF-CB351B989802} = {8846E73C-64F3-4113-A677-1521F371008A}
		{1A7A1007-35B8-4B41-9C62-56661C60FD34} = {8846E73C-64F3-4113-A677-1521F371008A}
		{80CB63F4-3469-431C-B9A2-8C818EA50B20} = {8846E73C-64F3-4113-A677-1521F371008A}
		{7B6A7192-6C7B-4BE1-9C6D-6BBE54B7C71D} = {D679E17F-59E5-4405-80D0-99D7E00E9763}
		{328D07F3-4B9B-48D4-B05F-F603A04860A2} = {8846E73C-64F3-4113-A677-1521F371008A}
		{BAE3732A-E234-45D2-925D-2331A7BC6391} = {97E1CAB6-71E7-4260-95FF-CEA0EF45A428}
		{C825B7D8-3F0C-4BAF-BD36-CB5602CDCF8F} = {97E1CAB6-71E7-4260-95FF-CEA0EF45A428}
		{02575B0C-2E86-4A23-8C59-720A1DD27D94} = {97E1CAB6-71E7-4260-95FF-CEA0EF45A428}
		{36C73D7B-9EA2-4554-A706-E6E9BF96ACC7} = {168E89D2-6D73-4089-8317-6F46554903F9}
		{466DF724-B53F-43A8-A4A1-820836CB9020} = {00AD7564-CD3A-49B9-AAE0-9BAA54C81823}
		{DA7D26B0-8EA1-46FC-80E5-8C3EC56C88EE} = {23CAA0E2-A672-47F9-9B9E-2828822532DB}
		{7A5BD1B4-A801-4941-929E-0E349A9A2058} = {23CAA0E2-A672-47F9-9B9E-2828822532DB}
		{FC144AB7-FC10-4CE1-8405-83C247A371F7} = {6781BCBD-4DD5-4CE9-9E2D-441741482CB4}
		{A75639F2-7155-4108-80CB-F3E6E5686AA2} = {6781BCBD-4DD5-4CE9-9E2D-441741482CB4}
		{75384D13-9CFE-43C3-BE03-DE341AF8272E} = {6781BCBD-4DD5-4CE9-9E2D-441741482CB4}
		{E082C029-52B3-4885-8EB4-28A125BDFD8D} = {CED651A5-C4F7-41FA-87AE-EEB08C7B3A1C}
		{3A48F1A3-68CB-4A8C-9023-63845578A275} = {CED651A5-C4F7-41FA-87AE-EEB08C7B3A1C}
		{A1007521-6506-413F-8D0D-AE951FEBB623} = {CED651A5-C4F7-41FA-87AE-EEB08C7B3A1C}
	EndGlobalSection
EndGlobal
